
Microsoft Visual Studio Solution File, Format Version 12.00
# Visual Studio Version 16
VisualStudioVersion = 16.0.30907.101
MinimumVisualStudioVersion = 10.0.40219.1
Project("{FAE04EC0-301F-11D3-BF4B-00C04F79EFBC}") = "Test_3_sem", "Test_3_sem\Test_3_sem.csproj", "{2CE5314E-DB26-43BC-B650-04B3C1C92845}"
EndProject
Global
	GlobalSection(SolutionConfigurationPlatforms) = preSolution
		Debug|Any CPU = Debug|Any CPU
		Release|Any CPU = Release|Any CPU
	EndGlobalSection
	GlobalSection(ProjectConfigurationPlatforms) = postSolution
		{2CE5314E-DB26-43BC-B650-04B3C1C92845}.Debug|Any CPU.ActiveCfg = Debug|Any CPU
		{2CE5314E-DB26-43BC-B650-04B3C1C92845}.Debug|Any CPU.Build.0 = Debug|Any CPU
		{2CE5314E-DB26-43BC-B650-04B3C1C92845}.Release|Any CPU.ActiveCfg = Release|Any CPU
		{2CE5314E-DB26-43BC-B650-04B3C1C92845}.Release|Any CPU.Build.0 = Release|Any CPU
	EndGlobalSection
	GlobalSection(SolutionProperties) = preSolution
		HideSolutionNode = FALSE
	EndGlobalSection
	GlobalSection(ExtensibilityGlobals) = postSolution
		SolutionGuid = {FE107A25-73EF-4B5E-B7ED-6B38A1E7ACC6}
	EndGlobalSection
EndGlobal
